
Microsoft Visual Studio Solution File, Format Version 12.00
# Visual Studio Version 16
VisualStudioVersion = 16.0.30104.148
MinimumVisualStudioVersion = 10.0.40219.1
Project("{8BC9CEB8-8B4A-11D0-8D11-00A0C91BC942}") = "Raider", "Raider\Raider.vcxproj", "{681F9315-7563-43DC-A2AB-0C4122002E2F}"
EndProject
Global
	GlobalSection(SolutionConfigurationPlatforms) = preSolution
		Debug|x64 = Debug|x64
		Release|x64 = Release|x64
	EndGlobalSection
	GlobalSection(ProjectConfigurationPlatforms) = postSolution
		{681F9315-7563-43DC-A2AB-0C4122002E2F}.Debug|x64.ActiveCfg = Debug|x64
		{681F9315-7563-43DC-A2AB-0C4122002E2F}.Debug|x64.Build.0 = Debug|x64
		{681F9315-7563-43DC-A2AB-0C4122002E2F}.Release|x64.ActiveCfg = Release|x64
		{681F9315-7563-43DC-A2AB-0C4122002E2F}.Release|x64.Build.0 = Release|x64
		{CE7C6F7D-E907-4FC4-99F9-E4D2D6B8B228}.Debug|x64.ActiveCfg = Debug|Any CPU
		{CE7C6F7D-E907-4FC4-99F9-E4D2D6B8B228}.Debug|x64.Build.0 = Debug|Any CPU
		{CE7C6F7D-E907-4FC4-99F9-E4D2D6B8B228}.Release|x64.ActiveCfg = Release|Any CPU
		{CE7C6F7D-E907-4FC4-99F9-E4D2D6B8B228}.Release|x64.Build.0 = Release|Any CPU
	EndGlobalSection
	GlobalSection(SolutionProperties) = preSolution
		HideSolutionNode = FALSE
	EndGlobalSection
	GlobalSection(ExtensibilityGlobals) = postSolution
		SolutionGuid = {0E483C4E-309F-41E2-B0AC-BF0D6CA32F32}
	EndGlobalSection
EndGlobal
