<?xml version="1.0" encoding="utf-8"?>
<Project ToolsVersion="4.0" xmlns="http://schemas.microsoft.com/developer/msbuild/2003">
  <ItemGroup>
    <Filter Include="SDK">
      <UniqueIdentifier>{5810493c-0663-41c4-a431-698722f2d436}</UniqueIdentifier>
    </Filter>
    <Filter Include="UE4">
      <UniqueIdentifier>{8c651f94-04a2-4bc2-9e7c-0ce7f4df2b38}</UniqueIdentifier>
    </Filter>
    <Filter Include="Game">
      <UniqueIdentifier>{c2466e29-da1d-4ce4-9607-a348aede402c}</UniqueIdentifier>
    </Filter>
    <Filter Include="Game\Modes">
      <UniqueIdentifier>{b7208936-748b-4400-8a0a-a51911fbce85}</UniqueIdentifier>
    </Filter>
  </ItemGroup>
  <ItemGroup>
    <ClCompile Include="SDK\FN_PlayerPawn_Athena_Generic_functions.cpp">
      <Filter>SDK</Filter>
    </ClCompile>
    <ClCompile Include="SDK\FN_PlayerPawn_Athena_functions.cpp">
      <Filter>SDK</Filter>
    </ClCompile>
    <ClCompile Include="SDK\FN_FortniteGame_functions.cpp">
      <Filter>SDK</Filter>
    </ClCompile>
    <ClCompile Include="SDK\FN_Engine_functions.cpp">
      <Filter>SDK</Filter>
    </ClCompile>
    <ClCompile Include="SDK\FN_CoreUObject_functions.cpp">
      <Filter>SDK</Filter>
    </ClCompile>
    <ClCompile Include="SDK\FN_Basic.cpp">
      <Filter>SDK</Filter>
    </ClCompile>
    <ClCompile Include="SDK\FN_Athena_PlayerController_functions.cpp">
      <Filter>SDK</Filter>
    </ClCompile>
    <ClCompile Include="dllmain.cpp" />
    <ClCompile Include="SDK\FN_SlateCore_functions.cpp">
      <Filter>SDK</Filter>
    </ClCompile>
    <ClCompile Include="SDK\FN_UMG_functions.cpp">
      <Filter>SDK</Filter>
    </ClCompile>
    <ClCompile Include="SDK\FN_GameplayAbilities_functions.cpp">
      <Filter>SDK</Filter>
    </ClCompile>
  </ItemGroup>
  <ItemGroup>
    <ClInclude Include="SDK.hpp">
      <Filter>SDK</Filter>
    </ClInclude>
    <ClInclude Include="ue4.h">
      <Filter>UE4</Filter>
    </ClInclude>
    <ClInclude Include="util.h" />
    <ClInclude Include="hooks.h">
      <Filter>UE4</Filter>
    </ClInclude>
    <ClInclude Include="patterns.h">
      <Filter>UE4</Filter>
    </ClInclude>
    <ClInclude Include="replication.h">
      <Filter>UE4</Filter>
    </ClInclude>
    <ClInclude Include="native.h" />
    <ClInclude Include="ufunctionhooks.h" />
    <ClInclude Include="gui.h" />
    <ClInclude Include="game.h">
      <Filter>Game</Filter>
    </ClInclude>
    <ClInclude Include="GameModes\GameModeSolos.hpp">
      <Filter>Game\Modes</Filter>
    </ClInclude>
    <ClInclude Include="GameModes\GameModeBase.hpp">
      <Filter>Game\Modes</Filter>
    </ClInclude>
    <ClInclude Include="GameModes\GameModeDuos.hpp">
      <Filter>Game\Modes</Filter>
    </ClInclude>
    <ClInclude Include="Teams.h">
      <Filter>Game</Filter>
    </ClInclude>
  </ItemGroup>
  <ItemGroup>
    <None Include="packages.config" />
  </ItemGroup>
</Project>